
Microsoft Visual Studio Solution File, Format Version 12.00
# Visual Studio Version 16
VisualStudioVersion = 16.0.31105.61
MinimumVisualStudioVersion = 10.0.40219.1
Project("{9A19103F-16F7-4668-BE54-9A1E7A4F7556}") = "CocktailBookPro.Services", "CocktailBookPro.Services\CocktailBookPro.Services.csproj", "{576E8560-FAC9-456A-90B2-B3FDBD80CB6C}"
EndProject
Project("{FAE04EC0-301F-11D3-BF4B-00C04F79EFBC}") = "CocktailBookPro.Presenter", "..\CocktailBookProResenter\KursovProekt\KursovProekt\CocktailBookPro.Presenter.csproj", "{6018FECB-8338-47DF-914B-25B7990113C9}"
EndProject
Global
	GlobalSection(SolutionConfigurationPlatforms) = preSolution
		Debug|Any CPU = Debug|Any CPU
		Release|Any CPU = Release|Any CPU
	EndGlobalSection
	GlobalSection(ProjectConfigurationPlatforms) = postSolution
		{576E8560-FAC9-456A-90B2-B3FDBD80CB6C}.Debug|Any CPU.ActiveCfg = Debug|Any CPU
		{576E8560-FAC9-456A-90B2-B3FDBD80CB6C}.Debug|Any CPU.Build.0 = Debug|Any CPU
		{576E8560-FAC9-456A-90B2-B3FDBD80CB6C}.Release|Any CPU.ActiveCfg = Release|Any CPU
		{576E8560-FAC9-456A-90B2-B3FDBD80CB6C}.Release|Any CPU.Build.0 = Release|Any CPU
		{6018FECB-8338-47DF-914B-25B7990113C9}.Debug|Any CPU.ActiveCfg = Debug|Any CPU
		{6018FECB-8338-47DF-914B-25B7990113C9}.Debug|Any CPU.Build.0 = Debug|Any CPU
		{6018FECB-8338-47DF-914B-25B7990113C9}.Release|Any CPU.ActiveCfg = Release|Any CPU
		{6018FECB-8338-47DF-914B-25B7990113C9}.Release|Any CPU.Build.0 = Release|Any CPU
	EndGlobalSection
	GlobalSection(SolutionProperties) = preSolution
		HideSolutionNode = FALSE
	EndGlobalSection
	GlobalSection(ExtensibilityGlobals) = postSolution
		SolutionGuid = {DD58D0BD-8FFE-4D13-964B-085333A74C64}
	EndGlobalSection
EndGlobal
