
Microsoft Visual Studio Solution File, Format Version 12.00
# Visual Studio Version 16
VisualStudioVersion = 16.0.31105.61
MinimumVisualStudioVersion = 10.0.40219.1
Project("{FAE04EC0-301F-11D3-BF4B-00C04F79EFBC}") = "CocktailBookPro.Services", "CocktailBookPro.Services\CocktailBookPro.Services.csproj", "{6EE983A7-0E67-4A02-A9E4-A5673DF14A40}"
EndProject
Project("{FAE04EC0-301F-11D3-BF4B-00C04F79EFBC}") = "CocktailBookPro.Presenter", "..\..\Exam Module 7\CocktailBookProResenter\KursovProekt\KursovProekt\CocktailBookPro.Presenter.csproj", "{6018FECB-8338-47DF-914B-25B7990113C9}"
EndProject
Global
	GlobalSection(SolutionConfigurationPlatforms) = preSolution
		Debug|Any CPU = Debug|Any CPU
		Release|Any CPU = Release|Any CPU
	EndGlobalSection
	GlobalSection(ProjectConfigurationPlatforms) = postSolution
		{6EE983A7-0E67-4A02-A9E4-A5673DF14A40}.Debug|Any CPU.ActiveCfg = Debug|Any CPU
		{6EE983A7-0E67-4A02-A9E4-A5673DF14A40}.Debug|Any CPU.Build.0 = Debug|Any CPU
		{6EE983A7-0E67-4A02-A9E4-A5673DF14A40}.Release|Any CPU.ActiveCfg = Release|Any CPU
		{6EE983A7-0E67-4A02-A9E4-A5673DF14A40}.Release|Any CPU.Build.0 = Release|Any CPU
		{6018FECB-8338-47DF-914B-25B7990113C9}.Debug|Any CPU.ActiveCfg = Debug|Any CPU
		{6018FECB-8338-47DF-914B-25B7990113C9}.Debug|Any CPU.Build.0 = Debug|Any CPU
		{6018FECB-8338-47DF-914B-25B7990113C9}.Release|Any CPU.ActiveCfg = Release|Any CPU
		{6018FECB-8338-47DF-914B-25B7990113C9}.Release|Any CPU.Build.0 = Release|Any CPU
	EndGlobalSection
	GlobalSection(SolutionProperties) = preSolution
		HideSolutionNode = FALSE
	EndGlobalSection
	GlobalSection(ExtensibilityGlobals) = postSolution
		SolutionGuid = {509129EE-130F-4C32-9551-0AA98A41D3F0}
	EndGlobalSection
EndGlobal
